
Microsoft Visual Studio Solution File, Format Version 12.00
# Visual Studio Version 16
VisualStudioVersion = 16.0.31402.337
MinimumVisualStudioVersion = 10.0.40219.1
Project("{FAE04EC0-301F-11D3-BF4B-00C04F79EFBC}") = "WindowsFormsApp2", "WindowsFormsApp2.csproj", "{D8823079-DF91-46FF-970D-EF574C441C72}"
EndProject
Global
	GlobalSection(SolutionConfigurationPlatforms) = preSolution
		Debug|Any CPU = Debug|Any CPU
		Release|Any CPU = Release|Any CPU
	EndGlobalSection
	GlobalSection(ProjectConfigurationPlatforms) = postSolution
		{D8823079-DF91-46FF-970D-EF574C441C72}.Debug|Any CPU.ActiveCfg = Debug|Any CPU
		{D8823079-DF91-46FF-970D-EF574C441C72}.Debug|Any CPU.Build.0 = Debug|Any CPU
		{D8823079-DF91-46FF-970D-EF574C441C72}.Release|Any CPU.ActiveCfg = Release|Any CPU
		{D8823079-DF91-46FF-970D-EF574C441C72}.Release|Any CPU.Build.0 = Release|Any CPU
	EndGlobalSection
	GlobalSection(SolutionProperties) = preSolution
		HideSolutionNode = FALSE
	EndGlobalSection
	GlobalSection(ExtensibilityGlobals) = postSolution
		SolutionGuid = {2E73C77F-D23B-426A-9EDC-855A3BA2932D}
	EndGlobalSection
EndGlobal
