
Microsoft Visual Studio Solution File, Format Version 12.00
# Visual Studio Version 16
VisualStudioVersion = 16.0.31205.134
MinimumVisualStudioVersion = 10.0.40219.1
Project("{FAE04EC0-301F-11D3-BF4B-00C04F79EFBC}") = "ChromeRecovery", "ChromeRecovery.csproj", "{C39CCB36-DA49-460E-98EC-DF9EA394AD45}"
EndProject
Global
	GlobalSection(SolutionConfigurationPlatforms) = preSolution
		Debug|Any CPU = Debug|Any CPU
		Release|Any CPU = Release|Any CPU
	EndGlobalSection
	GlobalSection(ProjectConfigurationPlatforms) = postSolution
		{C39CCB36-DA49-460E-98EC-DF9EA394AD45}.Debug|Any CPU.ActiveCfg = Debug|Any CPU
		{C39CCB36-DA49-460E-98EC-DF9EA394AD45}.Debug|Any CPU.Build.0 = Debug|Any CPU
		{C39CCB36-DA49-460E-98EC-DF9EA394AD45}.Release|Any CPU.ActiveCfg = Release|Any CPU
		{C39CCB36-DA49-460E-98EC-DF9EA394AD45}.Release|Any CPU.Build.0 = Release|Any CPU
	EndGlobalSection
	GlobalSection(SolutionProperties) = preSolution
		HideSolutionNode = FALSE
	EndGlobalSection
	GlobalSection(ExtensibilityGlobals) = postSolution
		SolutionGuid = {B8DF477A-F929-42D8-A8B4-76DD4FE4441C}
	EndGlobalSection
EndGlobal
